
Microsoft Visual Studio Solution File, Format Version 12.00
# Visual Studio Version 17
VisualStudioVersion = 17.10.35013.160
MinimumVisualStudioVersion = 10.0.40219.1
Project("{FAE04EC0-301F-11D3-BF4B-00C04F79EFBC}") = "apiLibrary", "apiLibrary.csproj", "{778B57D6-0B53-41C0-B02D-F6A58CD6072B}"
EndProject
Global
	GlobalSection(SolutionConfigurationPlatforms) = preSolution
		Debug|Any CPU = Debug|Any CPU
		Release|Any CPU = Release|Any CPU
	EndGlobalSection
	GlobalSection(ProjectConfigurationPlatforms) = postSolution
		{778B57D6-0B53-41C0-B02D-F6A58CD6072B}.Debug|Any CPU.ActiveCfg = Debug|Any CPU
		{778B57D6-0B53-41C0-B02D-F6A58CD6072B}.Debug|Any CPU.Build.0 = Debug|Any CPU
		{778B57D6-0B53-41C0-B02D-F6A58CD6072B}.Release|Any CPU.ActiveCfg = Release|Any CPU
		{778B57D6-0B53-41C0-B02D-F6A58CD6072B}.Release|Any CPU.Build.0 = Release|Any CPU
	EndGlobalSection
	GlobalSection(SolutionProperties) = preSolution
		HideSolutionNode = FALSE
	EndGlobalSection
	GlobalSection(ExtensibilityGlobals) = postSolution
		SolutionGuid = {BCF44BBC-3474-416F-96AF-BB2A220C3A35}
	EndGlobalSection
EndGlobal
